# THIS IS AN AUTOGENERATED FILE. DO NOT EDIT THIS FILE DIRECTLY.
# yarn lockfile v1


"@types/google-apps-script@^1.0.11":
  version "1.0.11"
  resolved "https://registry.yarnpkg.com/@types/google-apps-script/-/google-apps-script-1.0.11.tgz#28f97c3cffda4ea4d477e3057799575b9b466b7e"
  integrity sha512-LQS3WtXMv/dcU3kdk2DT80fdTZUdL+7Wi4mIZFBYisbx8SBSln7uPDhejpe9BiULvEscZW74pgqrD+rqAaZw5w==
